{
  "name": "pokemon-playground",
  "version": "1.0.0",
  "lockfileVersion": 3,
  "requires": true,
  "packages": {
    "": {
      "name": "pokemon-playground",
      "version": "1.0.0",
      "license": "ISC",
      "dependencies": {
        "@pkmn/randoms": "^0.9.33",
        "@pkmn/sim": "^0.9.33",
        "@pkmn/types": "^4.0.0",
        "ws": "^8.18.1"
      },
      "devDependencies": {
        "@types/node": "^22.14.0",
        "@types/ws": "^8.18.1",
        "tslib": "^2.8.1",
        "typescript": "^5.8.3"
      },
      "optionalDependencies": {
        "bufferutil": "^4.0.9"
      }
    },
    "node_modules/@pkmn/randoms": {
      "version": "0.9.33",
      "resolved": "https://registry.npmjs.org/@pkmn/randoms/-/randoms-0.9.33.tgz",
      "integrity": "sha512-uCSjp25BocjVs5yPq6OUVhPUVZUxxddUo2czrFMaklGNyFPVHxkjnPf+6905IOp3Qr7UawOcoTxqUXo02BQ4yQ==",
      "license": "MIT",
      "dependencies": {
        "@pkmn/sim": "^0.9.33"
      }
    },
    "node_modules/@pkmn/sets": {
      "version": "5.1.2",
      "resolved": "https://registry.npmjs.org/@pkmn/sets/-/sets-5.1.2.tgz",
      "integrity": "sha512-eMChlYko92ZdvNKqjcJ2PkzDmSc5kIbaKSrPU/bOnjcrOq8ZGjod3b7KcDxeXrZXQAS027O0uVhwIJbdMDe/Yw==",
      "license": "MIT",
      "dependencies": {
        "@pkmn/types": "^4.0.0"
      }
    },
    "node_modules/@pkmn/sim": {
      "version": "0.9.33",
      "resolved": "https://registry.npmjs.org/@pkmn/sim/-/sim-0.9.33.tgz",
      "integrity": "sha512-FKfIDU+dt31O0tH1X+TMPx5qcDkEu9GlI81vfigXPXlBXPLFIIVk/syijxI4j2g37jHVRDdcNYdsfxAE6lJCXA==",
      "license": "MIT",
      "dependencies": {
        "@pkmn/sets": "^5.1.2",
        "@pkmn/streams": "^1.1.0",
        "ts-chacha20": "^1.2.0"
      }
    },
    "node_modules/@pkmn/streams": {
      "version": "1.1.0",
      "resolved": "https://registry.npmjs.org/@pkmn/streams/-/streams-1.1.0.tgz",
      "integrity": "sha512-Pp9k7gt4xd76DqTU+LQEUyzuaauM4bV1MlehVtX1NS7o9zMFtjw50MfaEQ62dIMZyzxNjsJGoLGBeY1iSYLsRA==",
      "license": "MIT"
    },
    "node_modules/@pkmn/types": {
      "version": "4.0.0",
      "resolved": "https://registry.npmjs.org/@pkmn/types/-/types-4.0.0.tgz",
      "integrity": "sha512-gR2s/pxJYEegek1TtsYCQupNR3d5hMlcJFsiD+2LyfKr4tc+gETTql47tWLX5mFSbPcbXh7f4+7txlMIDoZx/g==",
      "license": "MIT"
    },
    "node_modules/@types/node": {
      "version": "22.14.0",
      "resolved": "https://registry.npmjs.org/@types/node/-/node-22.14.0.tgz",
      "integrity": "sha512-Kmpl+z84ILoG+3T/zQFyAJsU6EPTmOCj8/2+83fSN6djd6I4o7uOuGIH6vq3PrjY5BGitSbFuMN18j3iknubbA==",
      "dev": true,
      "license": "MIT",
      "dependencies": {
        "undici-types": "~6.21.0"
      }
    },
    "node_modules/@types/ws": {
      "version": "8.18.1",
      "resolved": "https://registry.npmjs.org/@types/ws/-/ws-8.18.1.tgz",
      "integrity": "sha512-ThVF6DCVhA8kUGy+aazFQ4kXQ7E1Ty7A3ypFOe0IcJV8O/M511G99AW24irKrW56Wt44yG9+ij8FaqoBGkuBXg==",
      "dev": true,
      "license": "MIT",
      "dependencies": {
        "@types/node": "*"
      }
    },
    "node_modules/bufferutil": {
      "version": "4.0.9",
      "resolved": "https://registry.npmjs.org/bufferutil/-/bufferutil-4.0.9.tgz",
      "integrity": "sha512-WDtdLmJvAuNNPzByAYpRo2rF1Mmradw6gvWsQKf63476DDXmomT9zUiGypLcG4ibIM67vhAj8jJRdbmEws2Aqw==",
      "hasInstallScript": true,
      "license": "MIT",
      "optional": true,
      "dependencies": {
        "node-gyp-build": "^4.3.0"
      },
      "engines": {
        "node": ">=6.14.2"
      }
    },
    "node_modules/node-gyp-build": {
      "version": "4.8.4",
      "resolved": "https://registry.npmjs.org/node-gyp-build/-/node-gyp-build-4.8.4.tgz",
      "integrity": "sha512-LA4ZjwlnUblHVgq0oBF3Jl/6h/Nvs5fzBLwdEF4nuxnFdsfajde4WfxtJr3CaiH+F6ewcIB/q4jQ4UzPyid+CQ==",
      "license": "MIT",
      "optional": true,
      "bin": {
        "node-gyp-build": "bin.js",
        "node-gyp-build-optional": "optional.js",
        "node-gyp-build-test": "build-test.js"
      }
    },
    "node_modules/ts-chacha20": {
      "version": "1.2.0",
      "resolved": "https://registry.npmjs.org/ts-chacha20/-/ts-chacha20-1.2.0.tgz",
      "integrity": "sha512-PTyPoWYHc2we8P2NTn5hpYG211popWbkjiw+k63xqjeMrx9pPtXSclz9F3fu0Tpr+vfR1xxcQFwsEkh1cXMLqw==",
      "license": "MIT"
    },
    "node_modules/tslib": {
      "version": "2.8.1",
      "resolved": "https://registry.npmjs.org/tslib/-/tslib-2.8.1.tgz",
      "integrity": "sha512-oJFu94HQb+KVduSUQL7wnpmqnfmLsOA/nAh6b6EH0wCEoK0/mPeXU6c3wKDV83MkOuHPRHtSXKKU99IBazS/2w==",
      "dev": true,
      "license": "0BSD"
    },
    "node_modules/typescript": {
      "version": "5.8.3",
      "resolved": "https://registry.npmjs.org/typescript/-/typescript-5.8.3.tgz",
      "integrity": "sha512-p1diW6TqL9L07nNxvRMM7hMMw4c5XOo/1ibL4aAIGmSAt9slTE1Xgw5KWuof2uTOvCg9BY7ZRi+GaF+7sfgPeQ==",
      "dev": true,
      "license": "Apache-2.0",
      "bin": {
        "tsc": "bin/tsc",
        "tsserver": "bin/tsserver"
      },
      "engines": {
        "node": ">=14.17"
      }
    },
    "node_modules/undici-types": {
      "version": "6.21.0",
      "resolved": "https://registry.npmjs.org/undici-types/-/undici-types-6.21.0.tgz",
      "integrity": "sha512-iwDZqg0QAGrg9Rav5H4n0M64c3mkR59cJ6wQp+7C4nI0gsmExaedaYLNO44eT4AtBBwjbTiGPMlt2Md0T9H9JQ==",
      "dev": true,
      "license": "MIT"
    },
    "node_modules/ws": {
      "version": "8.18.1",
      "resolved": "https://registry.npmjs.org/ws/-/ws-8.18.1.tgz",
      "integrity": "sha512-RKW2aJZMXeMxVpnZ6bck+RswznaxmzdULiBr6KY7XkTnW8uvt0iT9H5DkHUChXrc+uurzwa0rVI16n/Xzjdz1w==",
      "license": "MIT",
      "engines": {
        "node": ">=10.0.0"
      },
      "peerDependencies": {
        "bufferutil": "^4.0.1",
        "utf-8-validate": ">=5.0.2"
      },
      "peerDependenciesMeta": {
        "bufferutil": {
          "optional": true
        },
        "utf-8-validate": {
          "optional": true
        }
      }
    }
  }
}
